
Microsoft Visual Studio Solution File, Format Version 12.00
# Visual Studio Version 16
VisualStudioVersion = 16.0.30204.135
MinimumVisualStudioVersion = 10.0.40219.1
Project("{FAE04EC0-301F-11D3-BF4B-00C04F79EFBC}") = "ConsoleApp5", "ConsoleApp5.csproj", "{453FFC9B-A5F9-4DBA-AFE0-05146C047705}"
EndProject
Global
	GlobalSection(SolutionConfigurationPlatforms) = preSolution
		Debug|Any CPU = Debug|Any CPU
		Release|Any CPU = Release|Any CPU
	EndGlobalSection
	GlobalSection(ProjectConfigurationPlatforms) = postSolution
		{453FFC9B-A5F9-4DBA-AFE0-05146C047705}.Debug|Any CPU.ActiveCfg = Debug|Any CPU
		{453FFC9B-A5F9-4DBA-AFE0-05146C047705}.Debug|Any CPU.Build.0 = Debug|Any CPU
		{453FFC9B-A5F9-4DBA-AFE0-05146C047705}.Release|Any CPU.ActiveCfg = Release|Any CPU
		{453FFC9B-A5F9-4DBA-AFE0-05146C047705}.Release|Any CPU.Build.0 = Release|Any CPU
	EndGlobalSection
	GlobalSection(SolutionProperties) = preSolution
		HideSolutionNode = FALSE
	EndGlobalSection
	GlobalSection(ExtensibilityGlobals) = postSolution
		SolutionGuid = {00CC82F1-4C4F-44B1-B70C-FB7C0BF406FF}
	EndGlobalSection
EndGlobal
